// !$*UTF8*$!
{
	archiveVersion = 1;
	classes = {
	};
	objectVersion = 77;
	objects = {

/* Begin PBXBuildFile section */
		5030C6872FC239430095139A /* LinkKit in Frameworks */ = {isa = PBXBuildFile; productRef = 5030C6862FC239430095139A /* LinkKit */; };
		5030C68A2FC23A6D0095139A /* Auth in Frameworks */ = {isa = PBXBuildFile; productRef = 5030C6892FC23A6D0095139A /* Auth */; };
		5030C68C2FC23A6D0095139A /* Functions in Frameworks */ = {isa = PBXBuildFile; productRef = 5030C68B2FC23A6D0095139A /* Functions */; };
		5030C68E2FC23A6D0095139A /* PostgREST in Frameworks */ = {isa = PBXBuildFile; productRef = 5030C68D2FC23A6D0095139A /* PostgREST */; };
		5030C6902FC23A6D0095139A /* Realtime in Frameworks */ = {isa = PBXBuildFile; productRef = 5030C68F2FC23A6D0095139A /* Realtime */; };
		5030C6922FC23A6D0095139A /* Storage in Frameworks */ = {isa = PBXBuildFile; productRef = 5030C6912FC23A6D0095139A /* Storage */; };
		5030C6942FC23A6D0095139A /* Supabase in Frameworks */ = {isa = PBXBuildFile; productRef = 5030C6932FC23A6D0095139A /* Supabase */; };
		5030C6BC2FC26ABC0095139A /* WidgetKit.framework in Frameworks */ = {isa = PBXBuildFile; fileRef = 5030C6BB2FC26ABC0095139A /* WidgetKit.framework */; };
		5030C6BE2FC26ABC0095139A /* SwiftUI.framework in Frameworks */ = {isa = PBXBuildFile; fileRef = 5030C6BD2FC26ABC0095139A /* SwiftUI.framework */; };
		5030C6CF2FC26ABD0095139A /* FinanceBuddyWidgetExtension.appex in Embed Foundation Extensions */ = {isa = PBXBuildFile; fileRef = 5030C6B92FC26ABC0095139A /* FinanceBuddyWidgetExtension.appex */; settings = {ATTRIBUTES = (RemoveHeadersOnCopy, ); }; };
/* End PBXBuildFile section */

/* Begin PBXContainerItemProxy section */
		5030C6CD2FC26ABD0095139A /* PBXContainerItemProxy */ = {
			isa = PBXContainerItemProxy;
			containerPortal = 5030C66F2FC231180095139A /* Project object */;
			proxyType = 1;
			remoteGlobalIDString = 5030C6B82FC26ABC0095139A;
			remoteInfo = FinanceBuddyWidgetExtension;
		};
/* End PBXContainerItemProxy section */

/* Begin PBXCopyFilesBuildPhase section */
		5030C6D42FC26ABD0095139A /* Embed Foundation Extensions */ = {
			isa = PBXCopyFilesBuildPhase;
			buildActionMask = 2147483647;
			dstPath = "";
			dstSubfolderSpec = 13;
			files = (
				5030C6CF2FC26ABD0095139A /* FinanceBuddyWidgetExtension.appex in Embed Foundation Extensions */,
			);
			name = "Embed Foundation Extensions";
			runOnlyForDeploymentPostprocessing = 0;
		};
/* End PBXCopyFilesBuildPhase section */

/* Begin PBXFileReference section */
		5030C6772FC231180095139A /* finance-buddy.app */ = {isa = PBXFileReference; explicitFileType = wrapper.application; includeInIndex = 0; path = "finance-buddy.app"; sourceTree = BUILT_PRODUCTS_DIR; };
		5030C6B92FC26ABC0095139A /* FinanceBuddyWidgetExtension.appex */ = {isa = PBXFileReference; explicitFileType = "wrapper.app-extension"; includeInIndex = 0; path = FinanceBuddyWidgetExtension.appex; sourceTree = BUILT_PRODUCTS_DIR; };
		5030C6BB2FC26ABC0095139A /* WidgetKit.framework */ = {isa = PBXFileReference; lastKnownFileType = wrapper.framework; name = WidgetKit.framework; path = System/Library/Frameworks/WidgetKit.framework; sourceTree = SDKROOT; };
		5030C6BD2FC26ABC0095139A /* SwiftUI.framework */ = {isa = PBXFileReference; lastKnownFileType = wrapper.framework; name = SwiftUI.framework; path = System/Library/Frameworks/SwiftUI.framework; sourceTree = SDKROOT; };
		5030C6DA2FC2700B0095139A /* FinanceBuddyWidgetExtension.entitlements */ = {isa = PBXFileReference; lastKnownFileType = text.plist.entitlements; path = FinanceBuddyWidgetExtension.entitlements; sourceTree = "<group>"; };
/* End PBXFileReference section */

/* Begin PBXFileSystemSynchronizedBuildFileExceptionSet section */
		5030C6D02FC26ABD0095139A /* Exceptions for "FinanceBuddyWidget" folder in "FinanceBuddyWidgetExtension" target */ = {
			isa = PBXFileSystemSynchronizedBuildFileExceptionSet;
			membershipExceptions = (
				Info.plist,
			);
			target = 5030C6B82FC26ABC0095139A /* FinanceBuddyWidgetExtension */;
		};
/* End PBXFileSystemSynchronizedBuildFileExceptionSet section */

/* Begin PBXFileSystemSynchronizedRootGroup section */
		5030C6792FC231180095139A /* finance-buddy */ = {
			isa = PBXFileSystemSynchronizedRootGroup;
			path = "finance-buddy";
			sourceTree = "<group>";
		};
		5030C6BF2FC26ABC0095139A /* FinanceBuddyWidget */ = {
			isa = PBXFileSystemSynchronizedRootGroup;
			exceptions = (
				5030C6D02FC26ABD0095139A /* Exceptions for "FinanceBuddyWidget" folder in "FinanceBuddyWidgetExtension" target */,
			);
			path = FinanceBuddyWidget;
			sourceTree = "<group>";
		};
/* End PBXFileSystemSynchronizedRootGroup section */

/* Begin PBXFrameworksBuildPhase section */
		5030C6742FC231180095139A /* Frameworks */ = {
			isa = PBXFrameworksBuildPhase;
			buildActionMask = 2147483647;
			files = (
				5030C6942FC23A6D0095139A /* Supabase in Frameworks */,
				5030C6922FC23A6D0095139A /* Storage in Frameworks */,
				5030C68E2FC23A6D0095139A /* PostgREST in Frameworks */,
				5030C68C2FC23A6D0095139A /* Functions in Frameworks */,
				5030C68A2FC23A6D0095139A /* Auth in Frameworks */,
				5030C6902FC23A6D0095139A /* Realtime in Frameworks */,
				5030C6872FC239430095139A /* LinkKit in Frameworks */,
			);
			runOnlyForDeploymentPostprocessing = 0;
		};
		5030C6B62FC26ABC0095139A /* Frameworks */ = {
			isa = PBXFrameworksBuildPhase;
			buildActionMask = 2147483647;
			files = (
				5030C6BE2FC26ABC0095139A /* SwiftUI.framework in Frameworks */,
				5030C6BC2FC26ABC0095139A /* WidgetKit.framework in Frameworks */,
			);
			runOnlyForDeploymentPostprocessing = 0;
		};
/* End PBXFrameworksBuildPhase section */

/* Begin PBXGroup section */
		5030C66E2FC231180095139A = {
			isa = PBXGroup;
			children = (
				5030C6DA2FC2700B0095139A /* FinanceBuddyWidgetExtension.entitlements */,
				5030C6792FC231180095139A /* finance-buddy */,
				5030C6BF2FC26ABC0095139A /* FinanceBuddyWidget */,
				5030C6BA2FC26ABC0095139A /* Frameworks */,
				5030C6782FC231180095139A /* Products */,
			);
			sourceTree = "<group>";
		};
		5030C6782FC231180095139A /* Products */ = {
			isa = PBXGroup;
			children = (
				5030C6772FC231180095139A /* finance-buddy.app */,
				5030C6B92FC26ABC0095139A /* FinanceBuddyWidgetExtension.appex */,
			);
			name = Products;
			sourceTree = "<group>";
		};
		5030C6BA2FC26ABC0095139A /* Frameworks */ = {
			isa = PBXGroup;
			children = (
				5030C6BB2FC26ABC0095139A /* WidgetKit.framework */,
				5030C6BD2FC26ABC0095139A /* SwiftUI.framework */,
			);
			name = Frameworks;
			sourceTree = "<group>";
		};
/* End PBXGroup section */

/* Begin PBXNativeTarget section */
		5030C6762FC231180095139A /* finance-buddy */ = {
			isa = PBXNativeTarget;
			buildConfigurationList = 5030C6822FC231180095139A /* Build configuration list for PBXNativeTarget "finance-buddy" */;
			buildPhases = (
				5030C6732FC231180095139A /* Sources */,
				5030C6742FC231180095139A /* Frameworks */,
				5030C6752FC231180095139A /* Resources */,
				5030C6D42FC26ABD0095139A /* Embed Foundation Extensions */,
			);
			buildRules = (
			);
			dependencies = (
				5030C6CE2FC26ABD0095139A /* PBXTargetDependency */,
			);
			fileSystemSynchronizedGroups = (
				5030C6792FC231180095139A /* finance-buddy */,
			);
			name = "finance-buddy";
			packageProductDependencies = (
				5030C6862FC239430095139A /* LinkKit */,
				5030C6892FC23A6D0095139A /* Auth */,
				5030C68B2FC23A6D0095139A /* Functions */,
				5030C68D2FC23A6D0095139A /* PostgREST */,
				5030C68F2FC23A6D0095139A /* Realtime */,
				5030C6912FC23A6D0095139A /* Storage */,
				5030C6932FC23A6D0095139A /* Supabase */,
			);
			productName = "finance-buddy";
			productReference = 5030C6772FC231180095139A /* finance-buddy.app */;
			productType = "com.apple.product-type.application";
		};
		5030C6B82FC26ABC0095139A /* FinanceBuddyWidgetExtension */ = {
			isa = PBXNativeTarget;
			buildConfigurationList = 5030C6D12FC26ABD0095139A /* Build configuration list for PBXNativeTarget "FinanceBuddyWidgetExtension" */;
			buildPhases = (
				5030C6B52FC26ABC0095139A /* Sources */,
				5030C6B62FC26ABC0095139A /* Frameworks */,
				5030C6B72FC26ABC0095139A /* Resources */,
			);
			buildRules = (
			);
			dependencies = (
			);
			fileSystemSynchronizedGroups = (
				5030C6BF2FC26ABC0095139A /* FinanceBuddyWidget */,
			);
			name = FinanceBuddyWidgetExtension;
			packageProductDependencies = (
			);
			productName = FinanceBuddyWidgetExtension;
			productReference = 5030C6B92FC26ABC0095139A /* FinanceBuddyWidgetExtension.appex */;
			productType = "com.apple.product-type.app-extension";
		};
/* End PBXNativeTarget section */

/* Begin PBXProject section */
		5030C66F2FC231180095139A /* Project object */ = {
			isa = PBXProject;
			attributes = {
				BuildIndependentTargetsInParallel = 1;
				LastSwiftUpdateCheck = 2650;
				LastUpgradeCheck = 2650;
				TargetAttributes = {
					5030C6762FC231180095139A = {
						CreatedOnToolsVersion = 26.5;
					};
					5030C6B82FC26ABC0095139A = {
						CreatedOnToolsVersion = 26.5;
					};
				};
			};
			buildConfigurationList = 5030C6722FC231180095139A /* Build configuration list for PBXProject "finance-buddy" */;
			developmentRegion = en;
			hasScannedForEncodings = 0;
			knownRegions = (
				en,
				Base,
			);
			mainGroup = 5030C66E2FC231180095139A;
			minimizedProjectReferenceProxies = 1;
			packageReferences = (
				5030C6852FC239430095139A /* XCRemoteSwiftPackageReference "plaid-link-ios-spm" */,
				5030C6882FC23A6D0095139A /* XCRemoteSwiftPackageReference "supabase-swift" */,
			);
			preferredProjectObjectVersion = 77;
			productRefGroup = 5030C6782FC231180095139A /* Products */;
			projectDirPath = "";
			projectRoot = "";
			targets = (
				5030C6762FC231180095139A /* finance-buddy */,
				5030C6B82FC26ABC0095139A /* FinanceBuddyWidgetExtension */,
			);
		};
/* End PBXProject section */

/* Begin PBXResourcesBuildPhase section */
		5030C6752FC231180095139A /* Resources */ = {
			isa = PBXResourcesBuildPhase;
			buildActionMask = 2147483647;
			files = (
			);
			runOnlyForDeploymentPostprocessing = 0;
		};
		5030C6B72FC26ABC0095139A /* Resources */ = {
			isa = PBXResourcesBuildPhase;
			buildActionMask = 2147483647;
			files = (
			);
			runOnlyForDeploymentPostprocessing = 0;
		};
/* End PBXResourcesBuildPhase section */

/* Begin PBXSourcesBuildPhase section */
		5030C6732FC231180095139A /* Sources */ = {
			isa = PBXSourcesBuildPhase;
			buildActionMask = 2147483647;
			files = (
			);
			runOnlyForDeploymentPostprocessing = 0;
		};
		5030C6B52FC26ABC0095139A /* Sources */ = {
			isa = PBXSourcesBuildPhase;
			buildActionMask = 2147483647;
			files = (
			);
			runOnlyForDeploymentPostprocessing = 0;
		};
/* End PBXSourcesBuildPhase section */

/* Begin PBXTargetDependency section */
		5030C6CE2FC26ABD0095139A /* PBXTargetDependency */ = {
			isa = PBXTargetDependency;
			target = 5030C6B82FC26ABC0095139A /* FinanceBuddyWidgetExtension */;
			targetProxy = 5030C6CD2FC26ABD0095139A /* PBXContainerItemProxy */;
		};
/* End PBXTargetDependency section */

/* Begin XCBuildConfiguration section */
		5030C6802FC231180095139A /* Debug */ = {
			isa = XCBuildConfiguration;
			buildSettings = {
				ALWAYS_SEARCH_USER_PATHS = NO;
				ASSETCATALOG_COMPILER_GENERATE_SWIFT_ASSET_SYMBOL_EXTENSIONS = YES;
				CLANG_ANALYZER_NONNULL = YES;
				CLANG_ANALYZER_NUMBER_OBJECT_CONVERSION = YES_AGGRESSIVE;
				CLANG_CXX_LANGUAGE_STANDARD = "gnu++20";
				CLANG_ENABLE_MODULES = YES;
				CLANG_ENABLE_OBJC_ARC = YES;
				CLANG_ENABLE_OBJC_WEAK = YES;
				CLANG_WARN_BLOCK_CAPTURE_AUTORELEASING = YES;
				CLANG_WARN_BOOL_CONVERSION = YES;
				CLANG_WARN_COMMA = YES;
				CLANG_WARN_CONSTANT_CONVERSION = YES;
				CLANG_WARN_DEPRECATED_OBJC_IMPLEMENTATIONS = YES;
				CLANG_WARN_DIRECT_OBJC_ISA_USAGE = YES_ERROR;
				CLANG_WARN_DOCUMENTATION_COMMENTS = YES;
				CLANG_WARN_EMPTY_BODY = YES;
				CLANG_WARN_ENUM_CONVERSION = YES;
				CLANG_WARN_INFINITE_RECURSION = YES;
				CLANG_WARN_INT_CONVERSION = YES;
				CLANG_WARN_NON_LITERAL_NULL_CONVERSION = YES;
				CLANG_WARN_OBJC_IMPLICIT_RETAIN_SELF = YES;
				CLANG_WARN_OBJC_LITERAL_CONVERSION = YES;
				CLANG_WARN_OBJC_ROOT_CLASS = YES_ERROR;
				CLANG_WARN_QUOTED_INCLUDE_IN_FRAMEWORK_HEADER = YES;
				CLANG_WARN_RANGE_LOOP_ANALYSIS = YES;
				CLANG_WARN_STRICT_PROTOTYPES = YES;
				CLANG_WARN_SUSPICIOUS_MOVE = YES;
				CLANG_WARN_UNGUARDED_AVAILABILITY = YES_AGGRESSIVE;
				CLANG_WARN_UNREACHABLE_CODE = YES;
				CLANG_WARN__DUPLICATE_METHOD_MATCH = YES;
				COPY_PHASE_STRIP = NO;
				DEBUG_INFORMATION_FORMAT = dwarf;
				DEVELOPMENT_TEAM = 3672AKLP84;
				ENABLE_STRICT_OBJC_MSGSEND = YES;
				ENABLE_TESTABILITY = YES;
				ENABLE_USER_SCRIPT_SANDBOXING = YES;
				GCC_C_LANGUAGE_STANDARD = gnu17;
				GCC_DYNAMIC_NO_PIC = NO;
				GCC_NO_COMMON_BLOCKS = YES;
				GCC_OPTIMIZATION_LEVEL = 0;
				GCC_PREPROCESSOR_DEFINITIONS = (
					"DEBUG=1",
					"$(inherited)",
				);
				GCC_WARN_64_TO_32_BIT_CONVERSION = YES;
				GCC_WARN_ABOUT_RETURN_TYPE = YES_ERROR;
				GCC_WARN_UNDECLARED_SELECTOR = YES;
				GCC_WARN_UNINITIALIZED_AUTOS = YES_AGGRESSIVE;
				GCC_WARN_UNUSED_FUNCTION = YES;
				GCC_WARN_UNUSED_VARIABLE = YES;
				LOCALIZATION_PREFERS_STRING_CATALOGS = YES;
				MTL_ENABLE_DEBUG_INFO = INCLUDE_SOURCE;
				MTL_FAST_MATH = YES;
				ONLY_ACTIVE_ARCH = YES;
				SWIFT_ACTIVE_COMPILATION_CONDITIONS = "DEBUG $(inherited)";
				SWIFT_OPTIMIZATION_LEVEL = "-Onone";
			};
			name = Debug;
		};
		5030C6812FC231180095139A /* Release */ = {
			isa = XCBuildConfiguration;
			buildSettings = {
				ALWAYS_SEARCH_USER_PATHS = NO;
				ASSETCATALOG_COMPILER_GENERATE_SWIFT_ASSET_SYMBOL_EXTENSIONS = YES;
				CLANG_ANALYZER_NONNULL = YES;
				CLANG_ANALYZER_NUMBER_OBJECT_CONVERSION = YES_AGGRESSIVE;
				CLANG_CXX_LANGUAGE_STANDARD = "gnu++20";
				CLANG_ENABLE_MODULES = YES;
				CLANG_ENABLE_OBJC_ARC = YES;
				CLANG_ENABLE_OBJC_WEAK = YES;
				CLANG_WARN_BLOCK_CAPTURE_AUTORELEASING = YES;
				CLANG_WARN_BOOL_CONVERSION = YES;
				CLANG_WARN_COMMA = YES;
				CLANG_WARN_CONSTANT_CONVERSION = YES;
				CLANG_WARN_DEPRECATED_OBJC_IMPLEMENTATIONS = YES;
				CLANG_WARN_DIRECT_OBJC_ISA_USAGE = YES_ERROR;
				CLANG_WARN_DOCUMENTATION_COMMENTS = YES;
				CLANG_WARN_EMPTY_BODY = YES;
				CLANG_WARN_ENUM_CONVERSION = YES;
				CLANG_WARN_INFINITE_RECURSION = YES;
				CLANG_WARN_INT_CONVERSION = YES;
				CLANG_WARN_NON_LITERAL_NULL_CONVERSION = YES;
				CLANG_WARN_OBJC_IMPLICIT_RETAIN_SELF = YES;
				CLANG_WARN_OBJC_LITERAL_CONVERSION = YES;
				CLANG_WARN_OBJC_ROOT_CLASS = YES_ERROR;
				CLANG_WARN_QUOTED_INCLUDE_IN_FRAMEWORK_HEADER = YES;
				CLANG_WARN_RANGE_LOOP_ANALYSIS = YES;
				CLANG_WARN_STRICT_PROTOTYPES = YES;
				CLANG_WARN_SUSPICIOUS_MOVE = YES;
				CLANG_WARN_UNGUARDED_AVAILABILITY = YES_AGGRESSIVE;
				CLANG_WARN_UNREACHABLE_CODE = YES;
				CLANG_WARN__DUPLICATE_METHOD_MATCH = YES;
				COPY_PHASE_STRIP = NO;
				DEBUG_INFORMATION_FORMAT = "dwarf-with-dsym";
				DEVELOPMENT_TEAM = 3672AKLP84;
				ENABLE_NS_ASSERTIONS = NO;
				ENABLE_STRICT_OBJC_MSGSEND = YES;
				ENABLE_USER_SCRIPT_SANDBOXING = YES;
				GCC_C_LANGUAGE_STANDARD = gnu17;
				GCC_NO_COMMON_BLOCKS = YES;
				GCC_WARN_64_TO_32_BIT_CONVERSION = YES;
				GCC_WARN_ABOUT_RETURN_TYPE = YES_ERROR;
				GCC_WARN_UNDECLARED_SELECTOR = YES;
				GCC_WARN_UNINITIALIZED_AUTOS = YES_AGGRESSIVE;
				GCC_WARN_UNUSED_FUNCTION = YES;
				GCC_WARN_UNUSED_VARIABLE = YES;
				LOCALIZATION_PREFERS_STRING_CATALOGS = YES;
				MTL_ENABLE_DEBUG_INFO = NO;
				MTL_FAST_MATH = YES;
				SWIFT_COMPILATION_MODE = wholemodule;
			};
			name = Release;
		};
		5030C6832FC231180095139A /* Debug */ = {
			isa = XCBuildConfiguration;
			buildSettings = {
				ASSETCATALOG_COMPILER_APPICON_NAME = AppIcon;
				ASSETCATALOG_COMPILER_GLOBAL_ACCENT_COLOR_NAME = AccentColor;
				CODE_SIGN_ENTITLEMENTS = "finance-buddy/finance-buddy.entitlements";
				CODE_SIGN_STYLE = Automatic;
				CURRENT_PROJECT_VERSION = 1;
				DEVELOPMENT_TEAM = 3672AKLP84;
				ENABLE_APP_SANDBOX = YES;
				ENABLE_HARDENED_RUNTIME = YES;
				ENABLE_PREVIEWS = YES;
				ENABLE_USER_SELECTED_FILES = readonly;
				GENERATE_INFOPLIST_FILE = YES;
				INFOPLIST_KEY_CFBundleIconName = AppIcon;
				"INFOPLIST_KEY_UIApplicationSceneManifest_Generation[sdk=iphoneos*]" = YES;
				"INFOPLIST_KEY_UIApplicationSceneManifest_Generation[sdk=iphonesimulator*]" = YES;
				"INFOPLIST_KEY_UIApplicationSupportsIndirectInputEvents[sdk=iphoneos*]" = YES;
				"INFOPLIST_KEY_UIApplicationSupportsIndirectInputEvents[sdk=iphonesimulator*]" = YES;
				"INFOPLIST_KEY_UILaunchScreen_Generation[sdk=iphoneos*]" = YES;
				"INFOPLIST_KEY_UILaunchScreen_Generation[sdk=iphonesimulator*]" = YES;
				"INFOPLIST_KEY_UIStatusBarStyle[sdk=iphoneos*]" = UIStatusBarStyleDefault;
				"INFOPLIST_KEY_UIStatusBarStyle[sdk=iphonesimulator*]" = UIStatusBarStyleDefault;
				INFOPLIST_KEY_UISupportedInterfaceOrientations_iPad = "UIInterfaceOrientationPortrait UIInterfaceOrientationPortraitUpsideDown UIInterfaceOrientationLandscapeLeft UIInterfaceOrientationLandscapeRight";
				INFOPLIST_KEY_UISupportedInterfaceOrientations_iPhone = "UIInterfaceOrientationPortrait UIInterfaceOrientationLandscapeLeft UIInterfaceOrientationLandscapeRight";
				IPHONEOS_DEPLOYMENT_TARGET = 18.0;
				LD_RUNPATH_SEARCH_PATHS = "@executable_path/Frameworks";
				"LD_RUNPATH_SEARCH_PATHS[sdk=macosx*]" = "@executable_path/../Frameworks";
				MACOSX_DEPLOYMENT_TARGET = 26.0;
				MARKETING_VERSION = 1.0;
				PRODUCT_BUNDLE_IDENTIFIER = "cursor-calgary.finance-buddy";
				PRODUCT_NAME = "$(TARGET_NAME)";
				REGISTER_APP_GROUPS = YES;
				SDKROOT = auto;
				STRING_CATALOG_GENERATE_SYMBOLS = YES;
				SUPPORTED_PLATFORMS = "iphoneos iphonesimulator macosx xros xrsimulator";
				SWIFT_APPROACHABLE_CONCURRENCY = YES;
				SWIFT_DEFAULT_ACTOR_ISOLATION = MainActor;
				SWIFT_EMIT_LOC_STRINGS = YES;
				SWIFT_UPCOMING_FEATURE_MEMBER_IMPORT_VISIBILITY = YES;
				SWIFT_VERSION = 5.0;
				TARGETED_DEVICE_FAMILY = "1,2,7";
				XROS_DEPLOYMENT_TARGET = 26.5;
			};
			name = Debug;
		};
		5030C6842FC231180095139A /* Release */ = {
			isa = XCBuildConfiguration;
			buildSettings = {
				ASSETCATALOG_COMPILER_APPICON_NAME = AppIcon;
				ASSETCATALOG_COMPILER_GLOBAL_ACCENT_COLOR_NAME = AccentColor;
				CODE_SIGN_ENTITLEMENTS = "finance-buddy/finance-buddy.entitlements";
				CODE_SIGN_STYLE = Automatic;
				CURRENT_PROJECT_VERSION = 1;
				DEVELOPMENT_TEAM = 3672AKLP84;
				ENABLE_APP_SANDBOX = YES;
				ENABLE_HARDENED_RUNTIME = YES;
				ENABLE_PREVIEWS = YES;
				ENABLE_USER_SELECTED_FILES = readonly;
				GENERATE_INFOPLIST_FILE = YES;
				INFOPLIST_KEY_CFBundleIconName = AppIcon;
				"INFOPLIST_KEY_UIApplicationSceneManifest_Generation[sdk=iphoneos*]" = YES;
				"INFOPLIST_KEY_UIApplicationSceneManifest_Generation[sdk=iphonesimulator*]" = YES;
				"INFOPLIST_KEY_UIApplicationSupportsIndirectInputEvents[sdk=iphoneos*]" = YES;
				"INFOPLIST_KEY_UIApplicationSupportsIndirectInputEvents[sdk=iphonesimulator*]" = YES;
				"INFOPLIST_KEY_UILaunchScreen_Generation[sdk=iphoneos*]" = YES;
				"INFOPLIST_KEY_UILaunchScreen_Generation[sdk=iphonesimulator*]" = YES;
				"INFOPLIST_KEY_UIStatusBarStyle[sdk=iphoneos*]" = UIStatusBarStyleDefault;
				"INFOPLIST_KEY_UIStatusBarStyle[sdk=iphonesimulator*]" = UIStatusBarStyleDefault;
				INFOPLIST_KEY_UISupportedInterfaceOrientations_iPad = "UIInterfaceOrientationPortrait UIInterfaceOrientationPortraitUpsideDown UIInterfaceOrientationLandscapeLeft UIInterfaceOrientationLandscapeRight";
				INFOPLIST_KEY_UISupportedInterfaceOrientations_iPhone = "UIInterfaceOrientationPortrait UIInterfaceOrientationLandscapeLeft UIInterfaceOrientationLandscapeRight";
				IPHONEOS_DEPLOYMENT_TARGET = 18.0;
				LD_RUNPATH_SEARCH_PATHS = "@executable_path/Frameworks";
				"LD_RUNPATH_SEARCH_PATHS[sdk=macosx*]" = "@executable_path/../Frameworks";
				MACOSX_DEPLOYMENT_TARGET = 26.0;
				MARKETING_VERSION = 1.0;
				PRODUCT_BUNDLE_IDENTIFIER = "cursor-calgary.finance-buddy";
				PRODUCT_NAME = "$(TARGET_NAME)";
				REGISTER_APP_GROUPS = YES;
				SDKROOT = auto;
				STRING_CATALOG_GENERATE_SYMBOLS = YES;
				SUPPORTED_PLATFORMS = "iphoneos iphonesimulator macosx xros xrsimulator";
				SWIFT_APPROACHABLE_CONCURRENCY = YES;
				SWIFT_DEFAULT_ACTOR_ISOLATION = MainActor;
				SWIFT_EMIT_LOC_STRINGS = YES;
				SWIFT_UPCOMING_FEATURE_MEMBER_IMPORT_VISIBILITY = YES;
				SWIFT_VERSION = 5.0;
				TARGETED_DEVICE_FAMILY = "1,2,7";
				XROS_DEPLOYMENT_TARGET = 26.5;
			};
			name = Release;
		};
		5030C6D22FC26ABD0095139A /* Debug */ = {
			isa = XCBuildConfiguration;
			buildSettings = {
				ASSETCATALOG_COMPILER_GLOBAL_ACCENT_COLOR_NAME = AccentColor;
				ASSETCATALOG_COMPILER_WIDGET_BACKGROUND_COLOR_NAME = WidgetBackground;
				CODE_SIGN_ENTITLEMENTS = FinanceBuddyWidgetExtension.entitlements;
				CODE_SIGN_STYLE = Automatic;
				CURRENT_PROJECT_VERSION = 1;
				DEVELOPMENT_TEAM = 3672AKLP84;
				GENERATE_INFOPLIST_FILE = YES;
				INFOPLIST_FILE = FinanceBuddyWidget/Info.plist;
				INFOPLIST_KEY_CFBundleDisplayName = FinanceBuddyWidget;
				INFOPLIST_KEY_NSHumanReadableCopyright = "";
				IPHONEOS_DEPLOYMENT_TARGET = 18.0;
				LD_RUNPATH_SEARCH_PATHS = (
					"$(inherited)",
					"@executable_path/Frameworks",
					"@executable_path/../../Frameworks",
				);
				MARKETING_VERSION = 1.0;
				PRODUCT_BUNDLE_IDENTIFIER = "cursor-calgary.finance-buddy.FinanceBuddyWidget";
				PRODUCT_NAME = "$(TARGET_NAME)";
				SDKROOT = iphoneos;
				SKIP_INSTALL = YES;
				STRING_CATALOG_GENERATE_SYMBOLS = YES;
				SWIFT_APPROACHABLE_CONCURRENCY = YES;
				SWIFT_EMIT_LOC_STRINGS = YES;
				SWIFT_UPCOMING_FEATURE_MEMBER_IMPORT_VISIBILITY = YES;
				SWIFT_VERSION = 5.0;
				TARGETED_DEVICE_FAMILY = "1,2";
			};
			name = Debug;
		};
		5030C6D32FC26ABD0095139A /* Release */ = {
			isa = XCBuildConfiguration;
			buildSettings = {
				ASSETCATALOG_COMPILER_GLOBAL_ACCENT_COLOR_NAME = AccentColor;
				ASSETCATALOG_COMPILER_WIDGET_BACKGROUND_COLOR_NAME = WidgetBackground;
				CODE_SIGN_ENTITLEMENTS = FinanceBuddyWidgetExtension.entitlements;
				CODE_SIGN_STYLE = Automatic;
				CURRENT_PROJECT_VERSION = 1;
				DEVELOPMENT_TEAM = 3672AKLP84;
				GENERATE_INFOPLIST_FILE = YES;
				INFOPLIST_FILE = FinanceBuddyWidget/Info.plist;
				INFOPLIST_KEY_CFBundleDisplayName = FinanceBuddyWidget;
				INFOPLIST_KEY_NSHumanReadableCopyright = "";
				IPHONEOS_DEPLOYMENT_TARGET = 18.0;
				LD_RUNPATH_SEARCH_PATHS = (
					"$(inherited)",
					"@executable_path/Frameworks",
					"@executable_path/../../Frameworks",
				);
				MARKETING_VERSION = 1.0;
				PRODUCT_BUNDLE_IDENTIFIER = "cursor-calgary.finance-buddy.FinanceBuddyWidget";
				PRODUCT_NAME = "$(TARGET_NAME)";
				SDKROOT = iphoneos;
				SKIP_INSTALL = YES;
				STRING_CATALOG_GENERATE_SYMBOLS = YES;
				SWIFT_APPROACHABLE_CONCURRENCY = YES;
				SWIFT_EMIT_LOC_STRINGS = YES;
				SWIFT_UPCOMING_FEATURE_MEMBER_IMPORT_VISIBILITY = YES;
				SWIFT_VERSION = 5.0;
				TARGETED_DEVICE_FAMILY = "1,2";
				VALIDATE_PRODUCT = YES;
			};
			name = Release;
		};
/* End XCBuildConfiguration section */

/* Begin XCConfigurationList section */
		5030C6722FC231180095139A /* Build configuration list for PBXProject "finance-buddy" */ = {
			isa = XCConfigurationList;
			buildConfigurations = (
				5030C6802FC231180095139A /* Debug */,
				5030C6812FC231180095139A /* Release */,
			);
			defaultConfigurationIsVisible = 0;
			defaultConfigurationName = Release;
		};
		5030C6822FC231180095139A /* Build configuration list for PBXNativeTarget "finance-buddy" */ = {
			isa = XCConfigurationList;
			buildConfigurations = (
				5030C6832FC231180095139A /* Debug */,
				5030C6842FC231180095139A /* Release */,
			);
			defaultConfigurationIsVisible = 0;
			defaultConfigurationName = Release;
		};
		5030C6D12FC26ABD0095139A /* Build configuration list for PBXNativeTarget "FinanceBuddyWidgetExtension" */ = {
			isa = XCConfigurationList;
			buildConfigurations = (
				5030C6D22FC26ABD0095139A /* Debug */,
				5030C6D32FC26ABD0095139A /* Release */,
			);
			defaultConfigurationIsVisible = 0;
			defaultConfigurationName = Release;
		};
/* End XCConfigurationList section */

/* Begin XCRemoteSwiftPackageReference section */
		5030C6852FC239430095139A /* XCRemoteSwiftPackageReference "plaid-link-ios-spm" */ = {
			isa = XCRemoteSwiftPackageReference;
			repositoryURL = "https://github.com/plaid/plaid-link-ios-spm";
			requirement = {
				kind = upToNextMajorVersion;
				minimumVersion = 6.0.4;
			};
		};
		5030C6882FC23A6D0095139A /* XCRemoteSwiftPackageReference "supabase-swift" */ = {
			isa = XCRemoteSwiftPackageReference;
			repositoryURL = "https://github.com/supabase-community/supabase-swift.git";
			requirement = {
				kind = upToNextMajorVersion;
				minimumVersion = 2.5.1;
			};
		};
/* End XCRemoteSwiftPackageReference section */

/* Begin XCSwiftPackageProductDependency section */
		5030C6862FC239430095139A /* LinkKit */ = {
			isa = XCSwiftPackageProductDependency;
			package = 5030C6852FC239430095139A /* XCRemoteSwiftPackageReference "plaid-link-ios-spm" */;
			productName = LinkKit;
		};
		5030C6892FC23A6D0095139A /* Auth */ = {
			isa = XCSwiftPackageProductDependency;
			package = 5030C6882FC23A6D0095139A /* XCRemoteSwiftPackageReference "supabase-swift" */;
			productName = Auth;
		};
		5030C68B2FC23A6D0095139A /* Functions */ = {
			isa = XCSwiftPackageProductDependency;
			package = 5030C6882FC23A6D0095139A /* XCRemoteSwiftPackageReference "supabase-swift" */;
			productName = Functions;
		};
		5030C68D2FC23A6D0095139A /* PostgREST */ = {
			isa = XCSwiftPackageProductDependency;
			package = 5030C6882FC23A6D0095139A /* XCRemoteSwiftPackageReference "supabase-swift" */;
			productName = PostgREST;
		};
		5030C68F2FC23A6D0095139A /* Realtime */ = {
			isa = XCSwiftPackageProductDependency;
			package = 5030C6882FC23A6D0095139A /* XCRemoteSwiftPackageReference "supabase-swift" */;
			productName = Realtime;
		};
		5030C6912FC23A6D0095139A /* Storage */ = {
			isa = XCSwiftPackageProductDependency;
			package = 5030C6882FC23A6D0095139A /* XCRemoteSwiftPackageReference "supabase-swift" */;
			productName = Storage;
		};
		5030C6932FC23A6D0095139A /* Supabase */ = {
			isa = XCSwiftPackageProductDependency;
			package = 5030C6882FC23A6D0095139A /* XCRemoteSwiftPackageReference "supabase-swift" */;
			productName = Supabase;
		};
/* End XCSwiftPackageProductDependency section */
	};
	rootObject = 5030C66F2FC231180095139A /* Project object */;
}
